// !$*UTF8*$!
{
	archiveVersion = 1;
	classes = {
	};
	objectVersion = 48;
	objects = {

/* Begin PBXBuildFile section */
		1F4D613E202BC5DA0036D01D /* Service.swift in Sources */ = {isa = PBXBuildFile; fileRef = 1F4D613D202BC5DA0036D01D /* Service.swift */; };
		1F92180A202F701E00E6D3AE /* Model1.1_2.xcmappingmodel in Sources */ = {isa = PBXBuildFile; fileRef = 1F921809202F701E00E6D3AE /* Model1.1_2.xcmappingmodel */; };
		1F92180C202F720700E6D3AE /* CustomMigrationPolicy.swift in Sources */ = {isa = PBXBuildFile; fileRef = 1F92180B202F720700E6D3AE /* CustomMigrationPolicy.swift */; };
		1F98F05A2014ECE600E5B032 /* AppDelegate.swift in Sources */ = {isa = PBXBuildFile; fileRef = 1F98F0592014ECE600E5B032 /* AppDelegate.swift */; };
		1F98F05C2014ECE600E5B032 /* CompaniesController.swift in Sources */ = {isa = PBXBuildFile; fileRef = 1F98F05B2014ECE600E5B032 /* CompaniesController.swift */; };
		1F98F05F2014ECE600E5B032 /* Main.storyboard in Resources */ = {isa = PBXBuildFile; fileRef = 1F98F05D2014ECE600E5B032 /* Main.storyboard */; };
		1F98F0612014ECE600E5B032 /* Assets.xcassets in Resources */ = {isa = PBXBuildFile; fileRef = 1F98F0602014ECE600E5B032 /* Assets.xcassets */; };
		1F98F0642014ECE600E5B032 /* LaunchScreen.storyboard in Resources */ = {isa = PBXBuildFile; fileRef = 1F98F0622014ECE600E5B032 /* LaunchScreen.storyboard */; };
		1F98F06C2014F7BA00E5B032 /* UIColor+theme.swift in Sources */ = {isa = PBXBuildFile; fileRef = 1F98F06B2014F7BA00E5B032 /* UIColor+theme.swift */; };
		1F98F06E2015684D00E5B032 /* Company.swift in Sources */ = {isa = PBXBuildFile; fileRef = 1F98F06D2015684D00E5B032 /* Company.swift */; };
		1F98F07020156B2C00E5B032 /* CreateCompanyController.swift in Sources */ = {isa = PBXBuildFile; fileRef = 1F98F06F20156B2C00E5B032 /* CreateCompanyController.swift */; };
		1F98F0732016B37D00E5B032 /* CoreDataModel.xcdatamodeld in Sources */ = {isa = PBXBuildFile; fileRef = 1F98F0712016B37D00E5B032 /* CoreDataModel.xcdatamodeld */; };
		1F98F0752017D87200E5B032 /* CoreDataManager.swift in Sources */ = {isa = PBXBuildFile; fileRef = 1F98F0742017D87200E5B032 /* CoreDataManager.swift */; };
		1F98F077201E3B1700E5B032 /* CompanyCell.swift in Sources */ = {isa = PBXBuildFile; fileRef = 1F98F076201E3B1700E5B032 /* CompanyCell.swift */; };
		1F98F07A201E4C1D00E5B032 /* CompaniesController+CreateCompany.swift in Sources */ = {isa = PBXBuildFile; fileRef = 1F98F079201E4C1D00E5B032 /* CompaniesController+CreateCompany.swift */; };
		1F98F07C201E4CDB00E5B032 /* CompaniesController+UITableView.swift in Sources */ = {isa = PBXBuildFile; fileRef = 1F98F07B201E4CDB00E5B032 /* CompaniesController+UITableView.swift */; };
		1F98F07E201E51AE00E5B032 /* EmployeesController.swift in Sources */ = {isa = PBXBuildFile; fileRef = 1F98F07D201E51AE00E5B032 /* EmployeesController.swift */; };
		1F98F081201E534A00E5B032 /* UIViewController+Helpers.swift in Sources */ = {isa = PBXBuildFile; fileRef = 1F98F080201E534A00E5B032 /* UIViewController+Helpers.swift */; };
		1F98F083201E542B00E5B032 /* CreateEmployeeController.swift in Sources */ = {isa = PBXBuildFile; fileRef = 1F98F082201E542B00E5B032 /* CreateEmployeeController.swift */; };
		1F98F08620268C8E00E5B032 /* EmployeeType.swift in Sources */ = {isa = PBXBuildFile; fileRef = 1F98F08520268C8E00E5B032 /* EmployeeType.swift */; };
		1F98F0882027C44700E5B032 /* CompaniesAutoUpdateController.swift in Sources */ = {isa = PBXBuildFile; fileRef = 1F98F0872027C44700E5B032 /* CompaniesAutoUpdateController.swift */; };
/* End PBXBuildFile section */

/* Begin PBXFileReference section */
		1F4D613D202BC5DA0036D01D /* Service.swift */ = {isa = PBXFileReference; lastKnownFileType = sourcecode.swift; path = Service.swift; sourceTree = "<group>"; };
		1F4D613F202D0F6F0036D01D /* CoreDataModel_1.1.xcdatamodel */ = {isa = PBXFileReference; lastKnownFileType = wrapper.xcdatamodel; path = CoreDataModel_1.1.xcdatamodel; sourceTree = "<group>"; };
		1F921809202F701E00E6D3AE /* Model1.1_2.xcmappingmodel */ = {isa = PBXFileReference; lastKnownFileType = wrapper.xcmappingmodel; path = Model1.1_2.xcmappingmodel; sourceTree = "<group>"; };
		1F92180B202F720700E6D3AE /* CustomMigrationPolicy.swift */ = {isa = PBXFileReference; lastKnownFileType = sourcecode.swift; path = CustomMigrationPolicy.swift; sourceTree = "<group>"; };
		1F98F0562014ECE600E5B032 /* CoreData Project.app */ = {isa = PBXFileReference; explicitFileType = wrapper.application; includeInIndex = 0; path = "CoreData Project.app"; sourceTree = BUILT_PRODUCTS_DIR; };
		1F98F0592014ECE600E5B032 /* AppDelegate.swift */ = {isa = PBXFileReference; lastKnownFileType = sourcecode.swift; path = AppDelegate.swift; sourceTree = "<group>"; };
		1F98F05B2014ECE600E5B032 /* CompaniesController.swift */ = {isa = PBXFileReference; lastKnownFileType = sourcecode.swift; path = CompaniesController.swift; sourceTree = "<group>"; };
		1F98F05E2014ECE600E5B032 /* Base */ = {isa = PBXFileReference; lastKnownFileType = file.storyboard; name = Base; path = Base.lproj/Main.storyboard; sourceTree = "<group>"; };
		1F98F0602014ECE600E5B032 /* Assets.xcassets */ = {isa = PBXFileReference; lastKnownFileType = folder.assetcatalog; path = Assets.xcassets; sourceTree = "<group>"; };
		1F98F0632014ECE600E5B032 /* Base */ = {isa = PBXFileReference; lastKnownFileType = file.storyboard; name = Base; path = Base.lproj/LaunchScreen.storyboard; sourceTree = "<group>"; };
		1F98F0652014ECE600E5B032 /* Info.plist */ = {isa = PBXFileReference; lastKnownFileType = text.plist.xml; path = Info.plist; sourceTree = "<group>"; };
		1F98F06B2014F7BA00E5B032 /* UIColor+theme.swift */ = {isa = PBXFileReference; lastKnownFileType = sourcecode.swift; path = "UIColor+theme.swift"; sourceTree = "<group>"; };
		1F98F06D2015684D00E5B032 /* Company.swift */ = {isa = PBXFileReference; lastKnownFileType = sourcecode.swift; path = Company.swift; sourceTree = "<group>"; };
		1F98F06F20156B2C00E5B032 /* CreateCompanyController.swift */ = {isa = PBXFileReference; lastKnownFileType = sourcecode.swift; path = CreateCompanyController.swift; sourceTree = "<group>"; };
		1F98F0722016B37D00E5B032 /* CoreDataModel.xcdatamodel */ = {isa = PBXFileReference; lastKnownFileType = wrapper.xcdatamodel; path = CoreDataModel.xcdatamodel; sourceTree = "<group>"; };
		1F98F0742017D87200E5B032 /* CoreDataManager.swift */ = {isa = PBXFileReference; lastKnownFileType = sourcecode.swift; path = CoreDataManager.swift; sourceTree = "<group>"; };
		1F98F076201E3B1700E5B032 /* CompanyCell.swift */ = {isa = PBXFileReference; lastKnownFileType = sourcecode.swift; path = CompanyCell.swift; sourceTree = "<group>"; };
		1F98F079201E4C1D00E5B032 /* CompaniesController+CreateCompany.swift */ = {isa = PBXFileReference; lastKnownFileType = sourcecode.swift; path = "CompaniesController+CreateCompany.swift"; sourceTree = "<group>"; };
		1F98F07B201E4CDB00E5B032 /* CompaniesController+UITableView.swift */ = {isa = PBXFileReference; lastKnownFileType = sourcecode.swift; path = "CompaniesController+UITableView.swift"; sourceTree = "<group>"; };
		1F98F07D201E51AE00E5B032 /* EmployeesController.swift */ = {isa = PBXFileReference; lastKnownFileType = sourcecode.swift; path = EmployeesController.swift; sourceTree = "<group>"; };
		1F98F080201E534A00E5B032 /* UIViewController+Helpers.swift */ = {isa = PBXFileReference; lastKnownFileType = sourcecode.swift; path = "UIViewController+Helpers.swift"; sourceTree = "<group>"; };
		1F98F082201E542B00E5B032 /* CreateEmployeeController.swift */ = {isa = PBXFileReference; lastKnownFileType = sourcecode.swift; path = CreateEmployeeController.swift; sourceTree = "<group>"; };
		1F98F08520268C8E00E5B032 /* EmployeeType.swift */ = {isa = PBXFileReference; lastKnownFileType = sourcecode.swift; path = EmployeeType.swift; sourceTree = "<group>"; };
		1F98F0872027C44700E5B032 /* CompaniesAutoUpdateController.swift */ = {isa = PBXFileReference; lastKnownFileType = sourcecode.swift; path = CompaniesAutoUpdateController.swift; sourceTree = "<group>"; };
		1FE4695C202F6E1C00C939AB /* CoreDataModel_1.2.xcdatamodel */ = {isa = PBXFileReference; lastKnownFileType = wrapper.xcdatamodel; path = CoreDataModel_1.2.xcdatamodel; sourceTree = "<group>"; };
/* End PBXFileReference section */

/* Begin PBXFrameworksBuildPhase section */
		1F98F0532014ECE600E5B032 /* Frameworks */ = {
			isa = PBXFrameworksBuildPhase;
			buildActionMask = 2147483647;
			files = (
			);
			runOnlyForDeploymentPostprocessing = 0;
		};
/* End PBXFrameworksBuildPhase section */

/* Begin PBXGroup section */
		1F98F04D2014ECE600E5B032 = {
			isa = PBXGroup;
			children = (
				1F98F0582014ECE600E5B032 /* CoreData Project */,
				1F98F0572014ECE600E5B032 /* Products */,
			);
			sourceTree = "<group>";
		};
		1F98F0572014ECE600E5B032 /* Products */ = {
			isa = PBXGroup;
			children = (
				1F98F0562014ECE600E5B032 /* CoreData Project.app */,
			);
			name = Products;
			sourceTree = "<group>";
		};
		1F98F0582014ECE600E5B032 /* CoreData Project */ = {
			isa = PBXGroup;
			children = (
				1F98F0842021496800E5B032 /* Employees */,
				1F98F07F201E533000E5B032 /* Helpers */,
				1F98F078201E44A600E5B032 /* Companies */,
				1F98F0592014ECE600E5B032 /* AppDelegate.swift */,
				1F98F05D2014ECE600E5B032 /* Main.storyboard */,
				1F98F0602014ECE600E5B032 /* Assets.xcassets */,
				1F98F0622014ECE600E5B032 /* LaunchScreen.storyboard */,
				1F98F0652014ECE600E5B032 /* Info.plist */,
				1F98F06B2014F7BA00E5B032 /* UIColor+theme.swift */,
				1F98F06D2015684D00E5B032 /* Company.swift */,
				1F98F06F20156B2C00E5B032 /* CreateCompanyController.swift */,
				1F98F0712016B37D00E5B032 /* CoreDataModel.xcdatamodeld */,
				1F98F0742017D87200E5B032 /* CoreDataManager.swift */,
				1F921809202F701E00E6D3AE /* Model1.1_2.xcmappingmodel */,
				1F92180B202F720700E6D3AE /* CustomMigrationPolicy.swift */,
			);
			path = "CoreData Project";
			sourceTree = "<group>";
		};
		1F98F078201E44A600E5B032 /* Companies */ = {
			isa = PBXGroup;
			children = (
				1F98F05B2014ECE600E5B032 /* CompaniesController.swift */,
				1F98F076201E3B1700E5B032 /* CompanyCell.swift */,
				1F98F079201E4C1D00E5B032 /* CompaniesController+CreateCompany.swift */,
				1F98F07B201E4CDB00E5B032 /* CompaniesController+UITableView.swift */,
				1F98F0872027C44700E5B032 /* CompaniesAutoUpdateController.swift */,
				1F4D613D202BC5DA0036D01D /* Service.swift */,
			);
			path = Companies;
			sourceTree = "<group>";
		};
		1F98F07F201E533000E5B032 /* Helpers */ = {
			isa = PBXGroup;
			children = (
				1F98F080201E534A00E5B032 /* UIViewController+Helpers.swift */,
			);
			path = Helpers;
			sourceTree = "<group>";
		};
		1F98F0842021496800E5B032 /* Employees */ = {
			isa = PBXGroup;
			children = (
				1F98F07D201E51AE00E5B032 /* EmployeesController.swift */,
				1F98F082201E542B00E5B032 /* CreateEmployeeController.swift */,
				1F98F08520268C8E00E5B032 /* EmployeeType.swift */,
			);
			path = Employees;
			sourceTree = "<group>";
		};
/* End PBXGroup section */

/* Begin PBXNativeTarget section */
		1F98F0552014ECE600E5B032 /* CoreData Project */ = {
			isa = PBXNativeTarget;
			buildConfigurationList = 1F98F0682014ECE600E5B032 /* Build configuration list for PBXNativeTarget "CoreData Project" */;
			buildPhases = (
				1F98F0522014ECE600E5B032 /* Sources */,
				1F98F0532014ECE600E5B032 /* Frameworks */,
				1F98F0542014ECE600E5B032 /* Resources */,
			);
			buildRules = (
			);
			dependencies = (
			);
			name = "CoreData Project";
			productName = "CoreData Project";
			productReference = 1F98F0562014ECE600E5B032 /* CoreData Project.app */;
			productType = "com.apple.product-type.application";
		};
/* End PBXNativeTarget section */

/* Begin PBXProject section */
		1F98F04E2014ECE600E5B032 /* Project object */ = {
			isa = PBXProject;
			attributes = {
				LastSwiftUpdateCheck = 0920;
				LastUpgradeCheck = 0920;
				ORGANIZATIONNAME = "Nuno Pereira";
				TargetAttributes = {
					1F98F0552014ECE600E5B032 = {
						CreatedOnToolsVersion = 9.2;
						ProvisioningStyle = Automatic;
					};
				};
			};
			buildConfigurationList = 1F98F0512014ECE600E5B032 /* Build configuration list for PBXProject "CoreData Project" */;
			compatibilityVersion = "Xcode 8.0";
			developmentRegion = en;
			hasScannedForEncodings = 0;
			knownRegions = (
				en,
				Base,
			);
			mainGroup = 1F98F04D2014ECE600E5B032;
			productRefGroup = 1F98F0572014ECE600E5B032 /* Products */;
			projectDirPath = "";
			projectRoot = "";
			targets = (
				1F98F0552014ECE600E5B032 /* CoreData Project */,
			);
		};
/* End PBXProject section */

/* Begin PBXResourcesBuildPhase section */
		1F98F0542014ECE600E5B032 /* Resources */ = {
			isa = PBXResourcesBuildPhase;
			buildActionMask = 2147483647;
			files = (
				1F98F0642014ECE600E5B032 /* LaunchScreen.storyboard in Resources */,
				1F98F0612014ECE600E5B032 /* Assets.xcassets in Resources */,
				1F98F05F2014ECE600E5B032 /* Main.storyboard in Resources */,
			);
			runOnlyForDeploymentPostprocessing = 0;
		};
/* End PBXResourcesBuildPhase section */

/* Begin PBXSourcesBuildPhase section */
		1F98F0522014ECE600E5B032 /* Sources */ = {
			isa = PBXSourcesBuildPhase;
			buildActionMask = 2147483647;
			files = (
				1F92180A202F701E00E6D3AE /* Model1.1_2.xcmappingmodel in Sources */,
				1F98F07A201E4C1D00E5B032 /* CompaniesController+CreateCompany.swift in Sources */,
				1F98F06C2014F7BA00E5B032 /* UIColor+theme.swift in Sources */,
				1F98F05C2014ECE600E5B032 /* CompaniesController.swift in Sources */,
				1F98F0732016B37D00E5B032 /* CoreDataModel.xcdatamodeld in Sources */,
				1F98F081201E534A00E5B032 /* UIViewController+Helpers.swift in Sources */,
				1F98F077201E3B1700E5B032 /* CompanyCell.swift in Sources */,
				1F98F07C201E4CDB00E5B032 /* CompaniesController+UITableView.swift in Sources */,
				1F98F08620268C8E00E5B032 /* EmployeeType.swift in Sources */,
				1F98F083201E542B00E5B032 /* CreateEmployeeController.swift in Sources */,
				1F4D613E202BC5DA0036D01D /* Service.swift in Sources */,
				1F98F07E201E51AE00E5B032 /* EmployeesController.swift in Sources */,
				1F98F07020156B2C00E5B032 /* CreateCompanyController.swift in Sources */,
				1F98F0882027C44700E5B032 /* CompaniesAutoUpdateController.swift in Sources */,
				1F98F05A2014ECE600E5B032 /* AppDelegate.swift in Sources */,
				1F98F0752017D87200E5B032 /* CoreDataManager.swift in Sources */,
				1F98F06E2015684D00E5B032 /* Company.swift in Sources */,
				1F92180C202F720700E6D3AE /* CustomMigrationPolicy.swift in Sources */,
			);
			runOnlyForDeploymentPostprocessing = 0;
		};
/* End PBXSourcesBuildPhase section */

/* Begin PBXVariantGroup section */
		1F98F05D2014ECE600E5B032 /* Main.storyboard */ = {
			isa = PBXVariantGroup;
			children = (
				1F98F05E2014ECE600E5B032 /* Base */,
			);
			name = Main.storyboard;
			sourceTree = "<group>";
		};
		1F98F0622014ECE600E5B032 /* LaunchScreen.storyboard */ = {
			isa = PBXVariantGroup;
			children = (
				1F98F0632014ECE600E5B032 /* Base */,
			);
			name = LaunchScreen.storyboard;
			sourceTree = "<group>";
		};
/* End PBXVariantGroup section */

/* Begin XCBuildConfiguration section */
		1F98F0662014ECE600E5B032 /* Debug */ = {
			isa = XCBuildConfiguration;
			buildSettings = {
				ALWAYS_SEARCH_USER_PATHS = NO;
				CLANG_ANALYZER_NONNULL = YES;
				CLANG_ANALYZER_NUMBER_OBJECT_CONVERSION = YES_AGGRESSIVE;
				CLANG_CXX_LANGUAGE_STANDARD = "gnu++14";
				CLANG_CXX_LIBRARY = "libc++";
				CLANG_ENABLE_MODULES = YES;
				CLANG_ENABLE_OBJC_ARC = YES;
				CLANG_WARN_BLOCK_CAPTURE_AUTORELEASING = YES;
				CLANG_WARN_BOOL_CONVERSION = YES;
				CLANG_WARN_COMMA = YES;
				CLANG_WARN_CONSTANT_CONVERSION = YES;
				CLANG_WARN_DIRECT_OBJC_ISA_USAGE = YES_ERROR;
				CLANG_WARN_DOCUMENTATION_COMMENTS = YES;
				CLANG_WARN_EMPTY_BODY = YES;
				CLANG_WARN_ENUM_CONVERSION = YES;
				CLANG_WARN_INFINITE_RECURSION = YES;
				CLANG_WARN_INT_CONVERSION = YES;
				CLANG_WARN_NON_LITERAL_NULL_CONVERSION = YES;
				CLANG_WARN_OBJC_LITERAL_CONVERSION = YES;
				CLANG_WARN_OBJC_ROOT_CLASS = YES_ERROR;
				CLANG_WARN_RANGE_LOOP_ANALYSIS = YES;
				CLANG_WARN_STRICT_PROTOTYPES = YES;
				CLANG_WARN_SUSPICIOUS_MOVE = YES;
				CLANG_WARN_UNGUARDED_AVAILABILITY = YES_AGGRESSIVE;
				CLANG_WARN_UNREACHABLE_CODE = YES;
				CLANG_WARN__DUPLICATE_METHOD_MATCH = YES;
				CODE_SIGN_IDENTITY = "iPhone Developer";
				COPY_PHASE_STRIP = NO;
				DEBUG_INFORMATION_FORMAT = dwarf;
				ENABLE_STRICT_OBJC_MSGSEND = YES;
				ENABLE_TESTABILITY = YES;
				GCC_C_LANGUAGE_STANDARD = gnu11;
				GCC_DYNAMIC_NO_PIC = NO;
				GCC_NO_COMMON_BLOCKS = YES;
				GCC_OPTIMIZATION_LEVEL = 0;
				GCC_PREPROCESSOR_DEFINITIONS = (
					"DEBUG=1",
					"$(inherited)",
				);
				GCC_WARN_64_TO_32_BIT_CONVERSION = YES;
				GCC_WARN_ABOUT_RETURN_TYPE = YES_ERROR;
				GCC_WARN_UNDECLARED_SELECTOR = YES;
				GCC_WARN_UNINITIALIZED_AUTOS = YES_AGGRESSIVE;
				GCC_WARN_UNUSED_FUNCTION = YES;
				GCC_WARN_UNUSED_VARIABLE = YES;
				IPHONEOS_DEPLOYMENT_TARGET = 11.2;
				MTL_ENABLE_DEBUG_INFO = YES;
				ONLY_ACTIVE_ARCH = YES;
				SDKROOT = iphoneos;
				SWIFT_ACTIVE_COMPILATION_CONDITIONS = DEBUG;
				SWIFT_OPTIMIZATION_LEVEL = "-Onone";
			};
			name = Debug;
		};
		1F98F0672014ECE600E5B032 /* Release */ = {
			isa = XCBuildConfiguration;
			buildSettings = {
				ALWAYS_SEARCH_USER_PATHS = NO;
				CLANG_ANALYZER_NONNULL = YES;
				CLANG_ANALYZER_NUMBER_OBJECT_CONVERSION = YES_AGGRESSIVE;
				CLANG_CXX_LANGUAGE_STANDARD = "gnu++14";
				CLANG_CXX_LIBRARY = "libc++";
				CLANG_ENABLE_MODULES = YES;
				CLANG_ENABLE_OBJC_ARC = YES;
				CLANG_WARN_BLOCK_CAPTURE_AUTORELEASING = YES;
				CLANG_WARN_BOOL_CONVERSION = YES;
				CLANG_WARN_COMMA = YES;
				CLANG_WARN_CONSTANT_CONVERSION = YES;
				CLANG_WARN_DIRECT_OBJC_ISA_USAGE = YES_ERROR;
				CLANG_WARN_DOCUMENTATION_COMMENTS = YES;
				CLANG_WARN_EMPTY_BODY = YES;
				CLANG_WARN_ENUM_CONVERSION = YES;
				CLANG_WARN_INFINITE_RECURSION = YES;
				CLANG_WARN_INT_CONVERSION = YES;
				CLANG_WARN_NON_LITERAL_NULL_CONVERSION = YES;
				CLANG_WARN_OBJC_LITERAL_CONVERSION = YES;
				CLANG_WARN_OBJC_ROOT_CLASS = YES_ERROR;
				CLANG_WARN_RANGE_LOOP_ANALYSIS = YES;
				CLANG_WARN_STRICT_PROTOTYPES = YES;
				CLANG_WARN_SUSPICIOUS_MOVE = YES;
				CLANG_WARN_UNGUARDED_AVAILABILITY = YES_AGGRESSIVE;
				CLANG_WARN_UNREACHABLE_CODE = YES;
				CLANG_WARN__DUPLICATE_METHOD_MATCH = YES;
				CODE_SIGN_IDENTITY = "iPhone Developer";
				COPY_PHASE_STRIP = NO;
				DEBUG_INFORMATION_FORMAT = "dwarf-with-dsym";
				ENABLE_NS_ASSERTIONS = NO;
				ENABLE_STRICT_OBJC_MSGSEND = YES;
				GCC_C_LANGUAGE_STANDARD = gnu11;
				GCC_NO_COMMON_BLOCKS = YES;
				GCC_WARN_64_TO_32_BIT_CONVERSION = YES;
				GCC_WARN_ABOUT_RETURN_TYPE = YES_ERROR;
				GCC_WARN_UNDECLARED_SELECTOR = YES;
				GCC_WARN_UNINITIALIZED_AUTOS = YES_AGGRESSIVE;
				GCC_WARN_UNUSED_FUNCTION = YES;
				GCC_WARN_UNUSED_VARIABLE = YES;
				IPHONEOS_DEPLOYMENT_TARGET = 11.2;
				MTL_ENABLE_DEBUG_INFO = NO;
				SDKROOT = iphoneos;
				SWIFT_OPTIMIZATION_LEVEL = "-Owholemodule";
				VALIDATE_PRODUCT = YES;
			};
			name = Release;
		};
		1F98F0692014ECE600E5B032 /* Debug */ = {
			isa = XCBuildConfiguration;
			buildSettings = {
				ASSETCATALOG_COMPILER_APPICON_NAME = AppIcon;
				CODE_SIGN_STYLE = Automatic;
				DEVELOPMENT_TEAM = JBEYETDGSB;
				INFOPLIST_FILE = "CoreData Project/Info.plist";
				IPHONEOS_DEPLOYMENT_TARGET = 10.0;
				LD_RUNPATH_SEARCH_PATHS = "$(inherited) @executable_path/Frameworks";
				PRODUCT_BUNDLE_IDENTIFIER = "com.nMfpereira.CoreData-Project";
				PRODUCT_NAME = "$(TARGET_NAME)";
				SWIFT_VERSION = 4.0;
				TARGETED_DEVICE_FAMILY = "1,2";
			};
			name = Debug;
		};
		1F98F06A2014ECE600E5B032 /* Release */ = {
			isa = XCBuildConfiguration;
			buildSettings = {
				ASSETCATALOG_COMPILER_APPICON_NAME = AppIcon;
				CODE_SIGN_STYLE = Automatic;
				DEVELOPMENT_TEAM = JBEYETDGSB;
				INFOPLIST_FILE = "CoreData Project/Info.plist";
				IPHONEOS_DEPLOYMENT_TARGET = 10.0;
				LD_RUNPATH_SEARCH_PATHS = "$(inherited) @executable_path/Frameworks";
				PRODUCT_BUNDLE_IDENTIFIER = "com.nMfpereira.CoreData-Project";
				PRODUCT_NAME = "$(TARGET_NAME)";
				SWIFT_VERSION = 4.0;
				TARGETED_DEVICE_FAMILY = "1,2";
			};
			name = Release;
		};
/* End XCBuildConfiguration section */

/* Begin XCConfigurationList section */
		1F98F0512014ECE600E5B032 /* Build configuration list for PBXProject "CoreData Project" */ = {
			isa = XCConfigurationList;
			buildConfigurations = (
				1F98F0662014ECE600E5B032 /* Debug */,
				1F98F0672014ECE600E5B032 /* Release */,
			);
			defaultConfigurationIsVisible = 0;
			defaultConfigurationName = Release;
		};
		1F98F0682014ECE600E5B032 /* Build configuration list for PBXNativeTarget "CoreData Project" */ = {
			isa = XCConfigurationList;
			buildConfigurations = (
				1F98F0692014ECE600E5B032 /* Debug */,
				1F98F06A2014ECE600E5B032 /* Release */,
			);
			defaultConfigurationIsVisible = 0;
			defaultConfigurationName = Release;
		};
/* End XCConfigurationList section */

/* Begin XCVersionGroup section */
		1F98F0712016B37D00E5B032 /* CoreDataModel.xcdatamodeld */ = {
			isa = XCVersionGroup;
			children = (
				1FE4695C202F6E1C00C939AB /* CoreDataModel_1.2.xcdatamodel */,
				1F4D613F202D0F6F0036D01D /* CoreDataModel_1.1.xcdatamodel */,
				1F98F0722016B37D00E5B032 /* CoreDataModel.xcdatamodel */,
			);
			currentVersion = 1FE4695C202F6E1C00C939AB /* CoreDataModel_1.2.xcdatamodel */;
			path = CoreDataModel.xcdatamodeld;
			sourceTree = "<group>";
			versionGroupType = wrapper.xcdatamodel;
		};
/* End XCVersionGroup section */
	};
	rootObject = 1F98F04E2014ECE600E5B032 /* Project object */;
}
